
Microsoft Visual Studio Solution File, Format Version 12.00
# Visual Studio Version 16
VisualStudioVersion = 16.0.29230.47
MinimumVisualStudioVersion = 10.0.40219.1
Project("{FAE04EC0-301F-11D3-BF4B-00C04F79EFBC}") = "ThePetExamn", "ThePetExamn\ThePetExamn.csproj", "{8DDF3FFA-7A14-425F-BE3A-253437FB8A9F}"
EndProject
Global
	GlobalSection(SolutionConfigurationPlatforms) = preSolution
		Debug|Any CPU = Debug|Any CPU
		Release|Any CPU = Release|Any CPU
	EndGlobalSection
	GlobalSection(ProjectConfigurationPlatforms) = postSolution
		{8DDF3FFA-7A14-425F-BE3A-253437FB8A9F}.Debug|Any CPU.ActiveCfg = Debug|Any CPU
		{8DDF3FFA-7A14-425F-BE3A-253437FB8A9F}.Debug|Any CPU.Build.0 = Debug|Any CPU
		{8DDF3FFA-7A14-425F-BE3A-253437FB8A9F}.Release|Any CPU.ActiveCfg = Release|Any CPU
		{8DDF3FFA-7A14-425F-BE3A-253437FB8A9F}.Release|Any CPU.Build.0 = Release|Any CPU
	EndGlobalSection
	GlobalSection(SolutionProperties) = preSolution
		HideSolutionNode = FALSE
	EndGlobalSection
	GlobalSection(ExtensibilityGlobals) = postSolution
		SolutionGuid = {25B87646-D809-4F45-B79E-1B2F63B25918}
	EndGlobalSection
EndGlobal
